// !$*UTF8*$!
{
	archiveVersion = 1;
	classes = {
	};
	objectVersion = 50;
	objects = {

/* Begin PBXBuildFile section */
		31BB0EA0250FE53900CEBA4F /* AppDelegate.swift in Sources */ = {isa = PBXBuildFile; fileRef = 31BB0E9F250FE53900CEBA4F /* AppDelegate.swift */; };
		31BB0EA2250FE53900CEBA4F /* SceneDelegate.swift in Sources */ = {isa = PBXBuildFile; fileRef = 31BB0EA1250FE53900CEBA4F /* SceneDelegate.swift */; };
		31BB0EA4250FE53900CEBA4F /* ViewController.swift in Sources */ = {isa = PBXBuildFile; fileRef = 31BB0EA3250FE53900CEBA4F /* ViewController.swift */; };
		31BB0EA7250FE53A00CEBA4F /* Main.storyboard in Resources */ = {isa = PBXBuildFile; fileRef = 31BB0EA5250FE53A00CEBA4F /* Main.storyboard */; };
		31BB0EA9250FE53F00CEBA4F /* Assets.xcassets in Resources */ = {isa = PBXBuildFile; fileRef = 31BB0EA8250FE53F00CEBA4F /* Assets.xcassets */; };
		31BB0EAC250FE53F00CEBA4F /* LaunchScreen.storyboard in Resources */ = {isa = PBXBuildFile; fileRef = 31BB0EAA250FE53F00CEBA4F /* LaunchScreen.storyboard */; };
		31BB0EB4250FE8BA00CEBA4F /* TopStoryModel.swift in Sources */ = {isa = PBXBuildFile; fileRef = 31BB0EB3250FE8BA00CEBA4F /* TopStoryModel.swift */; };
		31BB0EB62510577900CEBA4F /* accessToken.swift in Sources */ = {isa = PBXBuildFile; fileRef = 31BB0EB52510577900CEBA4F /* accessToken.swift */; };
		31BB0EB8251057C700CEBA4F /* README.md in Resources */ = {isa = PBXBuildFile; fileRef = 31BB0EB7251057C700CEBA4F /* README.md */; };
/* End PBXBuildFile section */

/* Begin PBXFileReference section */
		31BB0E9C250FE53900CEBA4F /* NYTTopStories.app */ = {isa = PBXFileReference; explicitFileType = wrapper.application; includeInIndex = 0; path = NYTTopStories.app; sourceTree = BUILT_PRODUCTS_DIR; };
		31BB0E9F250FE53900CEBA4F /* AppDelegate.swift */ = {isa = PBXFileReference; lastKnownFileType = sourcecode.swift; path = AppDelegate.swift; sourceTree = "<group>"; };
		31BB0EA1250FE53900CEBA4F /* SceneDelegate.swift */ = {isa = PBXFileReference; lastKnownFileType = sourcecode.swift; path = SceneDelegate.swift; sourceTree = "<group>"; };
		31BB0EA3250FE53900CEBA4F /* ViewController.swift */ = {isa = PBXFileReference; lastKnownFileType = sourcecode.swift; path = ViewController.swift; sourceTree = "<group>"; };
		31BB0EA6250FE53A00CEBA4F /* Base */ = {isa = PBXFileReference; lastKnownFileType = file.storyboard; name = Base; path = Base.lproj/Main.storyboard; sourceTree = "<group>"; };
		31BB0EA8250FE53F00CEBA4F /* Assets.xcassets */ = {isa = PBXFileReference; lastKnownFileType = folder.assetcatalog; path = Assets.xcassets; sourceTree = "<group>"; };
		31BB0EAB250FE53F00CEBA4F /* Base */ = {isa = PBXFileReference; lastKnownFileType = file.storyboard; name = Base; path = Base.lproj/LaunchScreen.storyboard; sourceTree = "<group>"; };
		31BB0EAD250FE53F00CEBA4F /* Info.plist */ = {isa = PBXFileReference; lastKnownFileType = text.plist.xml; path = Info.plist; sourceTree = "<group>"; };
		31BB0EB3250FE8BA00CEBA4F /* TopStoryModel.swift */ = {isa = PBXFileReference; lastKnownFileType = sourcecode.swift; path = TopStoryModel.swift; sourceTree = "<group>"; };
		31BB0EB52510577900CEBA4F /* accessToken.swift */ = {isa = PBXFileReference; lastKnownFileType = sourcecode.swift; path = accessToken.swift; sourceTree = "<group>"; };
		31BB0EB7251057C700CEBA4F /* README.md */ = {isa = PBXFileReference; lastKnownFileType = net.daringfireball.markdown; path = README.md; sourceTree = "<group>"; };
/* End PBXFileReference section */

/* Begin PBXFrameworksBuildPhase section */
		31BB0E99250FE53900CEBA4F /* Frameworks */ = {
			isa = PBXFrameworksBuildPhase;
			buildActionMask = 2147483647;
			files = (
			);
			runOnlyForDeploymentPostprocessing = 0;
		};
/* End PBXFrameworksBuildPhase section */

/* Begin PBXGroup section */
		31BB0E93250FE53900CEBA4F = {
			isa = PBXGroup;
			children = (
				31BB0E9E250FE53900CEBA4F /* NYTTopStories */,
				31BB0E9D250FE53900CEBA4F /* Products */,
			);
			sourceTree = "<group>";
		};
		31BB0E9D250FE53900CEBA4F /* Products */ = {
			isa = PBXGroup;
			children = (
				31BB0E9C250FE53900CEBA4F /* NYTTopStories.app */,
			);
			name = Products;
			sourceTree = "<group>";
		};
		31BB0E9E250FE53900CEBA4F /* NYTTopStories */ = {
			isa = PBXGroup;
			children = (
				31BB0E9F250FE53900CEBA4F /* AppDelegate.swift */,
				31BB0EA1250FE53900CEBA4F /* SceneDelegate.swift */,
				31BB0EA3250FE53900CEBA4F /* ViewController.swift */,
				31BB0EA5250FE53A00CEBA4F /* Main.storyboard */,
				31BB0EA8250FE53F00CEBA4F /* Assets.xcassets */,
				31BB0EAA250FE53F00CEBA4F /* LaunchScreen.storyboard */,
				31BB0EAD250FE53F00CEBA4F /* Info.plist */,
				31BB0EB3250FE8BA00CEBA4F /* TopStoryModel.swift */,
				31BB0EB52510577900CEBA4F /* accessToken.swift */,
				31BB0EB7251057C700CEBA4F /* README.md */,
			);
			path = NYTTopStories;
			sourceTree = "<group>";
		};
/* End PBXGroup section */

/* Begin PBXNativeTarget section */
		31BB0E9B250FE53900CEBA4F /* NYTTopStories */ = {
			isa = PBXNativeTarget;
			buildConfigurationList = 31BB0EB0250FE53F00CEBA4F /* Build configuration list for PBXNativeTarget "NYTTopStories" */;
			buildPhases = (
				31BB0E98250FE53900CEBA4F /* Sources */,
				31BB0E99250FE53900CEBA4F /* Frameworks */,
				31BB0E9A250FE53900CEBA4F /* Resources */,
			);
			buildRules = (
			);
			dependencies = (
			);
			name = NYTTopStories;
			productName = NYTTopStories;
			productReference = 31BB0E9C250FE53900CEBA4F /* NYTTopStories.app */;
			productType = "com.apple.product-type.application";
		};
/* End PBXNativeTarget section */

/* Begin PBXProject section */
		31BB0E94250FE53900CEBA4F /* Project object */ = {
			isa = PBXProject;
			attributes = {
				LastSwiftUpdateCheck = 1150;
				LastUpgradeCheck = 1150;
				ORGANIZATIONNAME = "Bhaskar Ghosh";
				TargetAttributes = {
					31BB0E9B250FE53900CEBA4F = {
						CreatedOnToolsVersion = 11.5;
					};
				};
			};
			buildConfigurationList = 31BB0E97250FE53900CEBA4F /* Build configuration list for PBXProject "NYTTopStories" */;
			compatibilityVersion = "Xcode 9.3";
			developmentRegion = en;
			hasScannedForEncodings = 0;
			knownRegions = (
				en,
				Base,
			);
			mainGroup = 31BB0E93250FE53900CEBA4F;
			productRefGroup = 31BB0E9D250FE53900CEBA4F /* Products */;
			projectDirPath = "";
			projectRoot = "";
			targets = (
				31BB0E9B250FE53900CEBA4F /* NYTTopStories */,
			);
		};
/* End PBXProject section */

/* Begin PBXResourcesBuildPhase section */
		31BB0E9A250FE53900CEBA4F /* Resources */ = {
			isa = PBXResourcesBuildPhase;
			buildActionMask = 2147483647;
			files = (
				31BB0EAC250FE53F00CEBA4F /* LaunchScreen.storyboard in Resources */,
				31BB0EA9250FE53F00CEBA4F /* Assets.xcassets in Resources */,
				31BB0EB8251057C700CEBA4F /* README.md in Resources */,
				31BB0EA7250FE53A00CEBA4F /* Main.storyboard in Resources */,
			);
			runOnlyForDeploymentPostprocessing = 0;
		};
/* End PBXResourcesBuildPhase section */

/* Begin PBXSourcesBuildPhase section */
		31BB0E98250FE53900CEBA4F /* Sources */ = {
			isa = PBXSourcesBuildPhase;
			buildActionMask = 2147483647;
			files = (
				31BB0EA4250FE53900CEBA4F /* ViewController.swift in Sources */,
				31BB0EA0250FE53900CEBA4F /* AppDelegate.swift in Sources */,
				31BB0EA2250FE53900CEBA4F /* SceneDelegate.swift in Sources */,
				31BB0EB4250FE8BA00CEBA4F /* TopStoryModel.swift in Sources */,
				31BB0EB62510577900CEBA4F /* accessToken.swift in Sources */,
			);
			runOnlyForDeploymentPostprocessing = 0;
		};
/* End PBXSourcesBuildPhase section */

/* Begin PBXVariantGroup section */
		31BB0EA5250FE53A00CEBA4F /* Main.storyboard */ = {
			isa = PBXVariantGroup;
			children = (
				31BB0EA6250FE53A00CEBA4F /* Base */,
			);
			name = Main.storyboard;
			sourceTree = "<group>";
		};
		31BB0EAA250FE53F00CEBA4F /* LaunchScreen.storyboard */ = {
			isa = PBXVariantGroup;
			children = (
				31BB0EAB250FE53F00CEBA4F /* Base */,
			);
			name = LaunchScreen.storyboard;
			sourceTree = "<group>";
		};
/* End PBXVariantGroup section */

/* Begin XCBuildConfiguration section */
		31BB0EAE250FE53F00CEBA4F /* Debug */ = {
			isa = XCBuildConfiguration;
			buildSettings = {
				ALWAYS_SEARCH_USER_PATHS = NO;
				CLANG_ANALYZER_NONNULL = YES;
				CLANG_ANALYZER_NUMBER_OBJECT_CONVERSION = YES_AGGRESSIVE;
				CLANG_CXX_LANGUAGE_STANDARD = "gnu++14";
				CLANG_CXX_LIBRARY = "libc++";
				CLANG_ENABLE_MODULES = YES;
				CLANG_ENABLE_OBJC_ARC = YES;
				CLANG_ENABLE_OBJC_WEAK = YES;
				CLANG_WARN_BLOCK_CAPTURE_AUTORELEASING = YES;
				CLANG_WARN_BOOL_CONVERSION = YES;
				CLANG_WARN_COMMA = YES;
				CLANG_WARN_CONSTANT_CONVERSION = YES;
				CLANG_WARN_DEPRECATED_OBJC_IMPLEMENTATIONS = YES;
				CLANG_WARN_DIRECT_OBJC_ISA_USAGE = YES_ERROR;
				CLANG_WARN_DOCUMENTATION_COMMENTS = YES;
				CLANG_WARN_EMPTY_BODY = YES;
				CLANG_WARN_ENUM_CONVERSION = YES;
				CLANG_WARN_INFINITE_RECURSION = YES;
				CLANG_WARN_INT_CONVERSION = YES;
				CLANG_WARN_NON_LITERAL_NULL_CONVERSION = YES;
				CLANG_WARN_OBJC_IMPLICIT_RETAIN_SELF = YES;
				CLANG_WARN_OBJC_LITERAL_CONVERSION = YES;
				CLANG_WARN_OBJC_ROOT_CLASS = YES_ERROR;
				CLANG_WARN_RANGE_LOOP_ANALYSIS = YES;
				CLANG_WARN_STRICT_PROTOTYPES = YES;
				CLANG_WARN_SUSPICIOUS_MOVE = YES;
				CLANG_WARN_UNGUARDED_AVAILABILITY = YES_AGGRESSIVE;
				CLANG_WARN_UNREACHABLE_CODE = YES;
				CLANG_WARN__DUPLICATE_METHOD_MATCH = YES;
				COPY_PHASE_STRIP = NO;
				DEBUG_INFORMATION_FORMAT = dwarf;
				ENABLE_STRICT_OBJC_MSGSEND = YES;
				ENABLE_TESTABILITY = YES;
				GCC_C_LANGUAGE_STANDARD = gnu11;
				GCC_DYNAMIC_NO_PIC = NO;
				GCC_NO_COMMON_BLOCKS = YES;
				GCC_OPTIMIZATION_LEVEL = 0;
				GCC_PREPROCESSOR_DEFINITIONS = (
					"DEBUG=1",
					"$(inherited)",
				);
				GCC_WARN_64_TO_32_BIT_CONVERSION = YES;
				GCC_WARN_ABOUT_RETURN_TYPE = YES_ERROR;
				GCC_WARN_UNDECLARED_SELECTOR = YES;
				GCC_WARN_UNINITIALIZED_AUTOS = YES_AGGRESSIVE;
				GCC_WARN_UNUSED_FUNCTION = YES;
				GCC_WARN_UNUSED_VARIABLE = YES;
				IPHONEOS_DEPLOYMENT_TARGET = 13.5;
				MTL_ENABLE_DEBUG_INFO = INCLUDE_SOURCE;
				MTL_FAST_MATH = YES;
				ONLY_ACTIVE_ARCH = YES;
				SDKROOT = iphoneos;
				SWIFT_ACTIVE_COMPILATION_CONDITIONS = DEBUG;
				SWIFT_OPTIMIZATION_LEVEL = "-Onone";
			};
			name = Debug;
		};
		31BB0EAF250FE53F00CEBA4F /* Release */ = {
			isa = XCBuildConfiguration;
			buildSettings = {
				ALWAYS_SEARCH_USER_PATHS = NO;
				CLANG_ANALYZER_NONNULL = YES;
				CLANG_ANALYZER_NUMBER_OBJECT_CONVERSION = YES_AGGRESSIVE;
				CLANG_CXX_LANGUAGE_STANDARD = "gnu++14";
				CLANG_CXX_LIBRARY = "libc++";
				CLANG_ENABLE_MODULES = YES;
				CLANG_ENABLE_OBJC_ARC = YES;
				CLANG_ENABLE_OBJC_WEAK = YES;
				CLANG_WARN_BLOCK_CAPTURE_AUTORELEASING = YES;
				CLANG_WARN_BOOL_CONVERSION = YES;
				CLANG_WARN_COMMA = YES;
				CLANG_WARN_CONSTANT_CONVERSION = YES;
				CLANG_WARN_DEPRECATED_OBJC_IMPLEMENTATIONS = YES;
				CLANG_WARN_DIRECT_OBJC_ISA_USAGE = YES_ERROR;
				CLANG_WARN_DOCUMENTATION_COMMENTS = YES;
				CLANG_WARN_EMPTY_BODY = YES;
				CLANG_WARN_ENUM_CONVERSION = YES;
				CLANG_WARN_INFINITE_RECURSION = YES;
				CLANG_WARN_INT_CONVERSION = YES;
				CLANG_WARN_NON_LITERAL_NULL_CONVERSION = YES;
				CLANG_WARN_OBJC_IMPLICIT_RETAIN_SELF = YES;
				CLANG_WARN_OBJC_LITERAL_CONVERSION = YES;
				CLANG_WARN_OBJC_ROOT_CLASS = YES_ERROR;
				CLANG_WARN_RANGE_LOOP_ANALYSIS = YES;
				CLANG_WARN_STRICT_PROTOTYPES = YES;
				CLANG_WARN_SUSPICIOUS_MOVE = YES;
				CLANG_WARN_UNGUARDED_AVAILABILITY = YES_AGGRESSIVE;
				CLANG_WARN_UNREACHABLE_CODE = YES;
				CLANG_WARN__DUPLICATE_METHOD_MATCH = YES;
				COPY_PHASE_STRIP = NO;
				DEBUG_INFORMATION_FORMAT = "dwarf-with-dsym";
				ENABLE_NS_ASSERTIONS = NO;
				ENABLE_STRICT_OBJC_MSGSEND = YES;
				GCC_C_LANGUAGE_STANDARD = gnu11;
				GCC_NO_COMMON_BLOCKS = YES;
				GCC_WARN_64_TO_32_BIT_CONVERSION = YES;
				GCC_WARN_ABOUT_RETURN_TYPE = YES_ERROR;
				GCC_WARN_UNDECLARED_SELECTOR = YES;
				GCC_WARN_UNINITIALIZED_AUTOS = YES_AGGRESSIVE;
				GCC_WARN_UNUSED_FUNCTION = YES;
				GCC_WARN_UNUSED_VARIABLE = YES;
				IPHONEOS_DEPLOYMENT_TARGET = 13.5;
				MTL_ENABLE_DEBUG_INFO = NO;
				MTL_FAST_MATH = YES;
				SDKROOT = iphoneos;
				SWIFT_COMPILATION_MODE = wholemodule;
				SWIFT_OPTIMIZATION_LEVEL = "-O";
				VALIDATE_PRODUCT = YES;
			};
			name = Release;
		};
		31BB0EB1250FE53F00CEBA4F /* Debug */ = {
			isa = XCBuildConfiguration;
			buildSettings = {
				ASSETCATALOG_COMPILER_APPICON_NAME = AppIcon;
				CODE_SIGN_STYLE = Automatic;
				DEVELOPMENT_TEAM = T6YLFB7L3N;
				INFOPLIST_FILE = NYTTopStories/Info.plist;
				LD_RUNPATH_SEARCH_PATHS = (
					"$(inherited)",
					"@executable_path/Frameworks",
				);
				PRODUCT_BUNDLE_IDENTIFIER = com.Bhaskar.NYTTopStories;
				PRODUCT_NAME = "$(TARGET_NAME)";
				SWIFT_VERSION = 5.0;
				TARGETED_DEVICE_FAMILY = "1,2";
			};
			name = Debug;
		};
		31BB0EB2250FE53F00CEBA4F /* Release */ = {
			isa = XCBuildConfiguration;
			buildSettings = {
				ASSETCATALOG_COMPILER_APPICON_NAME = AppIcon;
				CODE_SIGN_STYLE = Automatic;
				DEVELOPMENT_TEAM = T6YLFB7L3N;
				INFOPLIST_FILE = NYTTopStories/Info.plist;
				LD_RUNPATH_SEARCH_PATHS = (
					"$(inherited)",
					"@executable_path/Frameworks",
				);
				PRODUCT_BUNDLE_IDENTIFIER = com.Bhaskar.NYTTopStories;
				PRODUCT_NAME = "$(TARGET_NAME)";
				SWIFT_VERSION = 5.0;
				TARGETED_DEVICE_FAMILY = "1,2";
			};
			name = Release;
		};
/* End XCBuildConfiguration section */

/* Begin XCConfigurationList section */
		31BB0E97250FE53900CEBA4F /* Build configuration list for PBXProject "NYTTopStories" */ = {
			isa = XCConfigurationList;
			buildConfigurations = (
				31BB0EAE250FE53F00CEBA4F /* Debug */,
				31BB0EAF250FE53F00CEBA4F /* Release */,
			);
			defaultConfigurationIsVisible = 0;
			defaultConfigurationName = Release;
		};
		31BB0EB0250FE53F00CEBA4F /* Build configuration list for PBXNativeTarget "NYTTopStories" */ = {
			isa = XCConfigurationList;
			buildConfigurations = (
				31BB0EB1250FE53F00CEBA4F /* Debug */,
				31BB0EB2250FE53F00CEBA4F /* Release */,
			);
			defaultConfigurationIsVisible = 0;
			defaultConfigurationName = Release;
		};
/* End XCConfigurationList section */
	};
	rootObject = 31BB0E94250FE53900CEBA4F /* Project object */;
}
